{
  "name": "nrgy-benchmarks",
  "version": "1.0.0",
  "lockfileVersion": 3,
  "requires": true,
  "packages": {
    "": {
      "name": "nrgy-benchmarks",
      "version": "1.0.0",
      "license": "MIT",
      "devDependencies": {
        "@nrgyjs/core": "file://../packages/core",
        "tinybench": "6.0.0"
      }
    },
    "../packages/core": {
      "name": "@nrgyjs/core",
      "version": "1.0.0",
      "dev": true,
      "license": "MIT"
    },
    "node_modules/@nrgyjs/core": {
      "resolved": "../packages/core",
      "link": true
    },
    "node_modules/tinybench": {
      "version": "6.0.0",
      "dev": true,
      "license": "MIT",
      "engines": {
        "node": ">=20.0.0"
      }
    }
  }
}
